// !$*UTF8*$!
{
	archiveVersion = 1;
	classes = {
	};
	objectVersion = 56;
	objects = {

/* Begin PBXBuildFile section */
		854863062C0FA158009CFC0A /* MoviesApp.swift in Sources */ = {isa = PBXBuildFile; fileRef = 854863052C0FA158009CFC0A /* MoviesApp.swift */; };
		8548630A2C0FA15A009CFC0A /* Assets.xcassets in Resources */ = {isa = PBXBuildFile; fileRef = 854863092C0FA15A009CFC0A /* Assets.xcassets */; };
		8548630D2C0FA15A009CFC0A /* Preview Assets.xcassets in Resources */ = {isa = PBXBuildFile; fileRef = 8548630C2C0FA15A009CFC0A /* Preview Assets.xcassets */; };
		8548631A2C0FA30A009CFC0A /* MovieListView.swift in Sources */ = {isa = PBXBuildFile; fileRef = 854863192C0FA30A009CFC0A /* MovieListView.swift */; };
		8548631C2C0FA394009CFC0A /* MoviesListModel.swift in Sources */ = {isa = PBXBuildFile; fileRef = 8548631B2C0FA394009CFC0A /* MoviesListModel.swift */; };
		854863212C0FA41D009CFC0A /* MovieListVM.swift in Sources */ = {isa = PBXBuildFile; fileRef = 854863202C0FA41D009CFC0A /* MovieListVM.swift */; };
		854863242C0FA528009CFC0A /* SimpleNetworking in Frameworks */ = {isa = PBXBuildFile; productRef = 854863232C0FA528009CFC0A /* SimpleNetworking */; };
		854863272C0FB791009CFC0A /* Color.swift in Sources */ = {isa = PBXBuildFile; fileRef = 854863262C0FB791009CFC0A /* Color.swift */; };
		8548632A2C0FBEDC009CFC0A /* MovieSearchVM.swift in Sources */ = {isa = PBXBuildFile; fileRef = 854863292C0FBEDC009CFC0A /* MovieSearchVM.swift */; };
		8548632C2C0FBEF0009CFC0A /* MovieSearchView.swift in Sources */ = {isa = PBXBuildFile; fileRef = 8548632B2C0FBEF0009CFC0A /* MovieSearchView.swift */; };
		8548632F2C0FC37D009CFC0A /* CacheAsyncImage.swift in Sources */ = {isa = PBXBuildFile; fileRef = 8548632E2C0FC37D009CFC0A /* CacheAsyncImage.swift */; };
		854863322C109E6B009CFC0A /* ErrorView.swift in Sources */ = {isa = PBXBuildFile; fileRef = 854863312C109E6B009CFC0A /* ErrorView.swift */; };
		854863342C109EA0009CFC0A /* Cells.swift in Sources */ = {isa = PBXBuildFile; fileRef = 854863332C109EA0009CFC0A /* Cells.swift */; };
		854863372C10D7A3009CFC0A /* MainScene.swift in Sources */ = {isa = PBXBuildFile; fileRef = 854863362C10D7A3009CFC0A /* MainScene.swift */; };
		854863432C125F21009CFC0A /* MovieDetailsView.swift in Sources */ = {isa = PBXBuildFile; fileRef = 854863422C125F21009CFC0A /* MovieDetailsView.swift */; };
		854863452C125F2D009CFC0A /* MovieDetailsVM.swift in Sources */ = {isa = PBXBuildFile; fileRef = 854863442C125F2D009CFC0A /* MovieDetailsVM.swift */; };
		854863472C1308CA009CFC0A /* MoviesDetailsModel.swift in Sources */ = {isa = PBXBuildFile; fileRef = 854863462C1308CA009CFC0A /* MoviesDetailsModel.swift */; };
		854863492C134834009CFC0A /* MovieSearchModel.swift in Sources */ = {isa = PBXBuildFile; fileRef = 854863482C134834009CFC0A /* MovieSearchModel.swift */; };
		8548634B2C134A16009CFC0A /* MovieIDModel.swift in Sources */ = {isa = PBXBuildFile; fileRef = 8548634A2C134A16009CFC0A /* MovieIDModel.swift */; };
		8548634D2C13609B009CFC0A /* Poppins-Regular.ttf in Resources */ = {isa = PBXBuildFile; fileRef = 8548634C2C13609B009CFC0A /* Poppins-Regular.ttf */; };
		8548634F2C1362A0009CFC0A /* Montserrat-SemiBold.ttf in Resources */ = {isa = PBXBuildFile; fileRef = 8548634E2C1362A0009CFC0A /* Montserrat-SemiBold.ttf */; };
		854863512C1365C0009CFC0A /* Montserrat-Medium.ttf in Resources */ = {isa = PBXBuildFile; fileRef = 854863502C1365BF009CFC0A /* Montserrat-Medium.ttf */; };
		854863552C139772009CFC0A /* Roboto-Medium.ttf in Resources */ = {isa = PBXBuildFile; fileRef = 854863542C139772009CFC0A /* Roboto-Medium.ttf */; };
		854863572C13A2CD009CFC0A /* Launch Screen.storyboard in Resources */ = {isa = PBXBuildFile; fileRef = 854863562C13A2CD009CFC0A /* Launch Screen.storyboard */; };
		856680D72C13BB52004E92C1 /* PersonSearchModel.swift in Sources */ = {isa = PBXBuildFile; fileRef = 856680D62C13BB52004E92C1 /* PersonSearchModel.swift */; };
/* End PBXBuildFile section */

/* Begin PBXFileReference section */
		854863022C0FA158009CFC0A /* Movies.app */ = {isa = PBXFileReference; explicitFileType = wrapper.application; includeInIndex = 0; path = Movies.app; sourceTree = BUILT_PRODUCTS_DIR; };
		854863052C0FA158009CFC0A /* MoviesApp.swift */ = {isa = PBXFileReference; lastKnownFileType = sourcecode.swift; path = MoviesApp.swift; sourceTree = "<group>"; };
		854863092C0FA15A009CFC0A /* Assets.xcassets */ = {isa = PBXFileReference; lastKnownFileType = folder.assetcatalog; path = Assets.xcassets; sourceTree = "<group>"; };
		8548630C2C0FA15A009CFC0A /* Preview Assets.xcassets */ = {isa = PBXFileReference; lastKnownFileType = folder.assetcatalog; path = "Preview Assets.xcassets"; sourceTree = "<group>"; };
		854863192C0FA30A009CFC0A /* MovieListView.swift */ = {isa = PBXFileReference; lastKnownFileType = sourcecode.swift; path = MovieListView.swift; sourceTree = "<group>"; };
		8548631B2C0FA394009CFC0A /* MoviesListModel.swift */ = {isa = PBXFileReference; lastKnownFileType = sourcecode.swift; path = MoviesListModel.swift; sourceTree = "<group>"; };
		854863202C0FA41D009CFC0A /* MovieListVM.swift */ = {isa = PBXFileReference; lastKnownFileType = sourcecode.swift; path = MovieListVM.swift; sourceTree = "<group>"; };
		854863262C0FB791009CFC0A /* Color.swift */ = {isa = PBXFileReference; lastKnownFileType = sourcecode.swift; path = Color.swift; sourceTree = "<group>"; };
		854863292C0FBEDC009CFC0A /* MovieSearchVM.swift */ = {isa = PBXFileReference; lastKnownFileType = sourcecode.swift; path = MovieSearchVM.swift; sourceTree = "<group>"; };
		8548632B2C0FBEF0009CFC0A /* MovieSearchView.swift */ = {isa = PBXFileReference; lastKnownFileType = sourcecode.swift; path = MovieSearchView.swift; sourceTree = "<group>"; };
		8548632E2C0FC37D009CFC0A /* CacheAsyncImage.swift */ = {isa = PBXFileReference; lastKnownFileType = sourcecode.swift; path = CacheAsyncImage.swift; sourceTree = "<group>"; };
		854863312C109E6B009CFC0A /* ErrorView.swift */ = {isa = PBXFileReference; lastKnownFileType = sourcecode.swift; path = ErrorView.swift; sourceTree = "<group>"; };
		854863332C109EA0009CFC0A /* Cells.swift */ = {isa = PBXFileReference; lastKnownFileType = sourcecode.swift; path = Cells.swift; sourceTree = "<group>"; };
		854863362C10D7A3009CFC0A /* MainScene.swift */ = {isa = PBXFileReference; lastKnownFileType = sourcecode.swift; path = MainScene.swift; sourceTree = "<group>"; };
		8548633C2C110574009CFC0A /* Info.plist */ = {isa = PBXFileReference; lastKnownFileType = text.plist; path = Info.plist; sourceTree = "<group>"; };
		854863422C125F21009CFC0A /* MovieDetailsView.swift */ = {isa = PBXFileReference; lastKnownFileType = sourcecode.swift; path = MovieDetailsView.swift; sourceTree = "<group>"; };
		854863442C125F2D009CFC0A /* MovieDetailsVM.swift */ = {isa = PBXFileReference; lastKnownFileType = sourcecode.swift; path = MovieDetailsVM.swift; sourceTree = "<group>"; };
		854863462C1308CA009CFC0A /* MoviesDetailsModel.swift */ = {isa = PBXFileReference; lastKnownFileType = sourcecode.swift; path = MoviesDetailsModel.swift; sourceTree = "<group>"; };
		854863482C134834009CFC0A /* MovieSearchModel.swift */ = {isa = PBXFileReference; lastKnownFileType = sourcecode.swift; path = MovieSearchModel.swift; sourceTree = "<group>"; };
		8548634A2C134A16009CFC0A /* MovieIDModel.swift */ = {isa = PBXFileReference; lastKnownFileType = sourcecode.swift; path = MovieIDModel.swift; sourceTree = "<group>"; };
		8548634C2C13609B009CFC0A /* Poppins-Regular.ttf */ = {isa = PBXFileReference; lastKnownFileType = file; path = "Poppins-Regular.ttf"; sourceTree = "<group>"; };
		8548634E2C1362A0009CFC0A /* Montserrat-SemiBold.ttf */ = {isa = PBXFileReference; lastKnownFileType = file; path = "Montserrat-SemiBold.ttf"; sourceTree = "<group>"; };
		854863502C1365BF009CFC0A /* Montserrat-Medium.ttf */ = {isa = PBXFileReference; lastKnownFileType = file; path = "Montserrat-Medium.ttf"; sourceTree = "<group>"; };
		854863542C139772009CFC0A /* Roboto-Medium.ttf */ = {isa = PBXFileReference; lastKnownFileType = file; path = "Roboto-Medium.ttf"; sourceTree = "<group>"; };
		854863562C13A2CD009CFC0A /* Launch Screen.storyboard */ = {isa = PBXFileReference; lastKnownFileType = file.storyboard; path = "Launch Screen.storyboard"; sourceTree = "<group>"; };
		856680D62C13BB52004E92C1 /* PersonSearchModel.swift */ = {isa = PBXFileReference; lastKnownFileType = sourcecode.swift; path = PersonSearchModel.swift; sourceTree = "<group>"; };
/* End PBXFileReference section */

/* Begin PBXFrameworksBuildPhase section */
		854862FF2C0FA158009CFC0A /* Frameworks */ = {
			isa = PBXFrameworksBuildPhase;
			buildActionMask = 2147483647;
			files = (
				854863242C0FA528009CFC0A /* SimpleNetworking in Frameworks */,
			);
			runOnlyForDeploymentPostprocessing = 0;
		};
/* End PBXFrameworksBuildPhase section */

/* Begin PBXGroup section */
		854862F92C0FA158009CFC0A = {
			isa = PBXGroup;
			children = (
				854863042C0FA158009CFC0A /* Movies */,
				854863032C0FA158009CFC0A /* Products */,
			);
			sourceTree = "<group>";
		};
		854863032C0FA158009CFC0A /* Products */ = {
			isa = PBXGroup;
			children = (
				854863022C0FA158009CFC0A /* Movies.app */,
			);
			name = Products;
			sourceTree = "<group>";
		};
		854863042C0FA158009CFC0A /* Movies */ = {
			isa = PBXGroup;
			children = (
				854863162C0FA280009CFC0A /* App */,
				854863252C0FB787009CFC0A /* Extensions */,
				854863182C0FA286009CFC0A /* Scene */,
				854863172C0FA283009CFC0A /* Model */,
				854863132C0FA275009CFC0A /* Assets */,
				8548630B2C0FA15A009CFC0A /* Preview Content */,
				8548633C2C110574009CFC0A /* Info.plist */,
				854863562C13A2CD009CFC0A /* Launch Screen.storyboard */,
			);
			path = Movies;
			sourceTree = "<group>";
		};
		8548630B2C0FA15A009CFC0A /* Preview Content */ = {
			isa = PBXGroup;
			children = (
				8548630C2C0FA15A009CFC0A /* Preview Assets.xcassets */,
			);
			path = "Preview Content";
			sourceTree = "<group>";
		};
		854863132C0FA275009CFC0A /* Assets */ = {
			isa = PBXGroup;
			children = (
				854863542C139772009CFC0A /* Roboto-Medium.ttf */,
				8548634C2C13609B009CFC0A /* Poppins-Regular.ttf */,
				8548634E2C1362A0009CFC0A /* Montserrat-SemiBold.ttf */,
				854863502C1365BF009CFC0A /* Montserrat-Medium.ttf */,
				854863092C0FA15A009CFC0A /* Assets.xcassets */,
			);
			path = Assets;
			sourceTree = "<group>";
		};
		854863162C0FA280009CFC0A /* App */ = {
			isa = PBXGroup;
			children = (
				854863052C0FA158009CFC0A /* MoviesApp.swift */,
			);
			path = App;
			sourceTree = "<group>";
		};
		854863172C0FA283009CFC0A /* Model */ = {
			isa = PBXGroup;
			children = (
				8548634A2C134A16009CFC0A /* MovieIDModel.swift */,
				8548631B2C0FA394009CFC0A /* MoviesListModel.swift */,
				854863462C1308CA009CFC0A /* MoviesDetailsModel.swift */,
				856680D82C13C7A6004E92C1 /* Search Models */,
			);
			path = Model;
			sourceTree = "<group>";
		};
		854863182C0FA286009CFC0A /* Scene */ = {
			isa = PBXGroup;
			children = (
				854863352C10D78C009CFC0A /* Main Scene */,
				8548631F2C0FA3FB009CFC0A /* Movies List */,
				854863412C125F0C009CFC0A /* Movie Details View */,
				854863282C0FBECA009CFC0A /* Movies Search */,
				854863302C109E61009CFC0A /* Reusable */,
			);
			path = Scene;
			sourceTree = "<group>";
		};
		8548631F2C0FA3FB009CFC0A /* Movies List */ = {
			isa = PBXGroup;
			children = (
				854863192C0FA30A009CFC0A /* MovieListView.swift */,
				854863202C0FA41D009CFC0A /* MovieListVM.swift */,
			);
			path = "Movies List";
			sourceTree = "<group>";
		};
		854863252C0FB787009CFC0A /* Extensions */ = {
			isa = PBXGroup;
			children = (
				854863262C0FB791009CFC0A /* Color.swift */,
			);
			path = Extensions;
			sourceTree = "<group>";
		};
		854863282C0FBECA009CFC0A /* Movies Search */ = {
			isa = PBXGroup;
			children = (
				8548632B2C0FBEF0009CFC0A /* MovieSearchView.swift */,
				854863292C0FBEDC009CFC0A /* MovieSearchVM.swift */,
			);
			path = "Movies Search";
			sourceTree = "<group>";
		};
		854863302C109E61009CFC0A /* Reusable */ = {
			isa = PBXGroup;
			children = (
				854863332C109EA0009CFC0A /* Cells.swift */,
				8548632E2C0FC37D009CFC0A /* CacheAsyncImage.swift */,
				854863312C109E6B009CFC0A /* ErrorView.swift */,
			);
			path = Reusable;
			sourceTree = "<group>";
		};
		854863352C10D78C009CFC0A /* Main Scene */ = {
			isa = PBXGroup;
			children = (
				854863362C10D7A3009CFC0A /* MainScene.swift */,
			);
			path = "Main Scene";
			sourceTree = "<group>";
		};
		854863412C125F0C009CFC0A /* Movie Details View */ = {
			isa = PBXGroup;
			children = (
				854863422C125F21009CFC0A /* MovieDetailsView.swift */,
				854863442C125F2D009CFC0A /* MovieDetailsVM.swift */,
			);
			path = "Movie Details View";
			sourceTree = "<group>";
		};
		856680D82C13C7A6004E92C1 /* Search Models */ = {
			isa = PBXGroup;
			children = (
				854863482C134834009CFC0A /* MovieSearchModel.swift */,
				856680D62C13BB52004E92C1 /* PersonSearchModel.swift */,
			);
			path = "Search Models";
			sourceTree = "<group>";
		};
/* End PBXGroup section */

/* Begin PBXNativeTarget section */
		854863012C0FA158009CFC0A /* Movies */ = {
			isa = PBXNativeTarget;
			buildConfigurationList = 854863102C0FA15A009CFC0A /* Build configuration list for PBXNativeTarget "Movies" */;
			buildPhases = (
				854862FE2C0FA158009CFC0A /* Sources */,
				854862FF2C0FA158009CFC0A /* Frameworks */,
				854863002C0FA158009CFC0A /* Resources */,
			);
			buildRules = (
			);
			dependencies = (
			);
			name = Movies;
			packageProductDependencies = (
				854863232C0FA528009CFC0A /* SimpleNetworking */,
			);
			productName = Movies;
			productReference = 854863022C0FA158009CFC0A /* Movies.app */;
			productType = "com.apple.product-type.application";
		};
/* End PBXNativeTarget section */

/* Begin PBXProject section */
		854862FA2C0FA158009CFC0A /* Project object */ = {
			isa = PBXProject;
			attributes = {
				BuildIndependentTargetsInParallel = 1;
				LastSwiftUpdateCheck = 1530;
				LastUpgradeCheck = 1530;
				TargetAttributes = {
					854863012C0FA158009CFC0A = {
						CreatedOnToolsVersion = 15.3;
					};
				};
			};
			buildConfigurationList = 854862FD2C0FA158009CFC0A /* Build configuration list for PBXProject "Movies" */;
			compatibilityVersion = "Xcode 14.0";
			developmentRegion = en;
			hasScannedForEncodings = 0;
			knownRegions = (
				en,
				Base,
			);
			mainGroup = 854862F92C0FA158009CFC0A;
			packageReferences = (
				854863222C0FA528009CFC0A /* XCRemoteSwiftPackageReference "SimpleNetworking" */,
			);
			productRefGroup = 854863032C0FA158009CFC0A /* Products */;
			projectDirPath = "";
			projectRoot = "";
			targets = (
				854863012C0FA158009CFC0A /* Movies */,
			);
		};
/* End PBXProject section */

/* Begin PBXResourcesBuildPhase section */
		854863002C0FA158009CFC0A /* Resources */ = {
			isa = PBXResourcesBuildPhase;
			buildActionMask = 2147483647;
			files = (
				854863552C139772009CFC0A /* Roboto-Medium.ttf in Resources */,
				8548634F2C1362A0009CFC0A /* Montserrat-SemiBold.ttf in Resources */,
				854863512C1365C0009CFC0A /* Montserrat-Medium.ttf in Resources */,
				8548630D2C0FA15A009CFC0A /* Preview Assets.xcassets in Resources */,
				8548630A2C0FA15A009CFC0A /* Assets.xcassets in Resources */,
				8548634D2C13609B009CFC0A /* Poppins-Regular.ttf in Resources */,
				854863572C13A2CD009CFC0A /* Launch Screen.storyboard in Resources */,
			);
			runOnlyForDeploymentPostprocessing = 0;
		};
/* End PBXResourcesBuildPhase section */

/* Begin PBXSourcesBuildPhase section */
		854862FE2C0FA158009CFC0A /* Sources */ = {
			isa = PBXSourcesBuildPhase;
			buildActionMask = 2147483647;
			files = (
				854863062C0FA158009CFC0A /* MoviesApp.swift in Sources */,
				854863372C10D7A3009CFC0A /* MainScene.swift in Sources */,
				8548632C2C0FBEF0009CFC0A /* MovieSearchView.swift in Sources */,
				8548631A2C0FA30A009CFC0A /* MovieListView.swift in Sources */,
				8548631C2C0FA394009CFC0A /* MoviesListModel.swift in Sources */,
				854863472C1308CA009CFC0A /* MoviesDetailsModel.swift in Sources */,
				854863342C109EA0009CFC0A /* Cells.swift in Sources */,
				854863432C125F21009CFC0A /* MovieDetailsView.swift in Sources */,
				854863272C0FB791009CFC0A /* Color.swift in Sources */,
				856680D72C13BB52004E92C1 /* PersonSearchModel.swift in Sources */,
				854863452C125F2D009CFC0A /* MovieDetailsVM.swift in Sources */,
				8548632F2C0FC37D009CFC0A /* CacheAsyncImage.swift in Sources */,
				8548634B2C134A16009CFC0A /* MovieIDModel.swift in Sources */,
				854863212C0FA41D009CFC0A /* MovieListVM.swift in Sources */,
				854863492C134834009CFC0A /* MovieSearchModel.swift in Sources */,
				854863322C109E6B009CFC0A /* ErrorView.swift in Sources */,
				8548632A2C0FBEDC009CFC0A /* MovieSearchVM.swift in Sources */,
			);
			runOnlyForDeploymentPostprocessing = 0;
		};
/* End PBXSourcesBuildPhase section */

/* Begin XCBuildConfiguration section */
		8548630E2C0FA15A009CFC0A /* Debug */ = {
			isa = XCBuildConfiguration;
			buildSettings = {
				ALWAYS_SEARCH_USER_PATHS = NO;
				ASSETCATALOG_COMPILER_GENERATE_SWIFT_ASSET_SYMBOL_EXTENSIONS = YES;
				CLANG_ANALYZER_NONNULL = YES;
				CLANG_ANALYZER_NUMBER_OBJECT_CONVERSION = YES_AGGRESSIVE;
				CLANG_CXX_LANGUAGE_STANDARD = "gnu++20";
				CLANG_ENABLE_MODULES = YES;
				CLANG_ENABLE_OBJC_ARC = YES;
				CLANG_ENABLE_OBJC_WEAK = YES;
				CLANG_WARN_BLOCK_CAPTURE_AUTORELEASING = YES;
				CLANG_WARN_BOOL_CONVERSION = YES;
				CLANG_WARN_COMMA = YES;
				CLANG_WARN_CONSTANT_CONVERSION = YES;
				CLANG_WARN_DEPRECATED_OBJC_IMPLEMENTATIONS = YES;
				CLANG_WARN_DIRECT_OBJC_ISA_USAGE = YES_ERROR;
				CLANG_WARN_DOCUMENTATION_COMMENTS = YES;
				CLANG_WARN_EMPTY_BODY = YES;
				CLANG_WARN_ENUM_CONVERSION = YES;
				CLANG_WARN_INFINITE_RECURSION = YES;
				CLANG_WARN_INT_CONVERSION = YES;
				CLANG_WARN_NON_LITERAL_NULL_CONVERSION = YES;
				CLANG_WARN_OBJC_IMPLICIT_RETAIN_SELF = YES;
				CLANG_WARN_OBJC_LITERAL_CONVERSION = YES;
				CLANG_WARN_OBJC_ROOT_CLASS = YES_ERROR;
				CLANG_WARN_QUOTED_INCLUDE_IN_FRAMEWORK_HEADER = YES;
				CLANG_WARN_RANGE_LOOP_ANALYSIS = YES;
				CLANG_WARN_STRICT_PROTOTYPES = YES;
				CLANG_WARN_SUSPICIOUS_MOVE = YES;
				CLANG_WARN_UNGUARDED_AVAILABILITY = YES_AGGRESSIVE;
				CLANG_WARN_UNREACHABLE_CODE = YES;
				CLANG_WARN__DUPLICATE_METHOD_MATCH = YES;
				COPY_PHASE_STRIP = NO;
				DEBUG_INFORMATION_FORMAT = dwarf;
				ENABLE_STRICT_OBJC_MSGSEND = YES;
				ENABLE_TESTABILITY = YES;
				ENABLE_USER_SCRIPT_SANDBOXING = YES;
				GCC_C_LANGUAGE_STANDARD = gnu17;
				GCC_DYNAMIC_NO_PIC = NO;
				GCC_NO_COMMON_BLOCKS = YES;
				GCC_OPTIMIZATION_LEVEL = 0;
				GCC_PREPROCESSOR_DEFINITIONS = (
					"DEBUG=1",
					"$(inherited)",
				);
				GCC_WARN_64_TO_32_BIT_CONVERSION = YES;
				GCC_WARN_ABOUT_RETURN_TYPE = YES_ERROR;
				GCC_WARN_UNDECLARED_SELECTOR = YES;
				GCC_WARN_UNINITIALIZED_AUTOS = YES_AGGRESSIVE;
				GCC_WARN_UNUSED_FUNCTION = YES;
				GCC_WARN_UNUSED_VARIABLE = YES;
				IPHONEOS_DEPLOYMENT_TARGET = 17.4;
				LOCALIZATION_PREFERS_STRING_CATALOGS = YES;
				MTL_ENABLE_DEBUG_INFO = INCLUDE_SOURCE;
				MTL_FAST_MATH = YES;
				ONLY_ACTIVE_ARCH = YES;
				SDKROOT = iphoneos;
				SWIFT_ACTIVE_COMPILATION_CONDITIONS = "DEBUG $(inherited)";
				SWIFT_OPTIMIZATION_LEVEL = "-Onone";
			};
			name = Debug;
		};
		8548630F2C0FA15A009CFC0A /* Release */ = {
			isa = XCBuildConfiguration;
			buildSettings = {
				ALWAYS_SEARCH_USER_PATHS = NO;
				ASSETCATALOG_COMPILER_GENERATE_SWIFT_ASSET_SYMBOL_EXTENSIONS = YES;
				CLANG_ANALYZER_NONNULL = YES;
				CLANG_ANALYZER_NUMBER_OBJECT_CONVERSION = YES_AGGRESSIVE;
				CLANG_CXX_LANGUAGE_STANDARD = "gnu++20";
				CLANG_ENABLE_MODULES = YES;
				CLANG_ENABLE_OBJC_ARC = YES;
				CLANG_ENABLE_OBJC_WEAK = YES;
				CLANG_WARN_BLOCK_CAPTURE_AUTORELEASING = YES;
				CLANG_WARN_BOOL_CONVERSION = YES;
				CLANG_WARN_COMMA = YES;
				CLANG_WARN_CONSTANT_CONVERSION = YES;
				CLANG_WARN_DEPRECATED_OBJC_IMPLEMENTATIONS = YES;
				CLANG_WARN_DIRECT_OBJC_ISA_USAGE = YES_ERROR;
				CLANG_WARN_DOCUMENTATION_COMMENTS = YES;
				CLANG_WARN_EMPTY_BODY = YES;
				CLANG_WARN_ENUM_CONVERSION = YES;
				CLANG_WARN_INFINITE_RECURSION = YES;
				CLANG_WARN_INT_CONVERSION = YES;
				CLANG_WARN_NON_LITERAL_NULL_CONVERSION = YES;
				CLANG_WARN_OBJC_IMPLICIT_RETAIN_SELF = YES;
				CLANG_WARN_OBJC_LITERAL_CONVERSION = YES;
				CLANG_WARN_OBJC_ROOT_CLASS = YES_ERROR;
				CLANG_WARN_QUOTED_INCLUDE_IN_FRAMEWORK_HEADER = YES;
				CLANG_WARN_RANGE_LOOP_ANALYSIS = YES;
				CLANG_WARN_STRICT_PROTOTYPES = YES;
				CLANG_WARN_SUSPICIOUS_MOVE = YES;
				CLANG_WARN_UNGUARDED_AVAILABILITY = YES_AGGRESSIVE;
				CLANG_WARN_UNREACHABLE_CODE = YES;
				CLANG_WARN__DUPLICATE_METHOD_MATCH = YES;
				COPY_PHASE_STRIP = NO;
				DEBUG_INFORMATION_FORMAT = "dwarf-with-dsym";
				ENABLE_NS_ASSERTIONS = NO;
				ENABLE_STRICT_OBJC_MSGSEND = YES;
				ENABLE_USER_SCRIPT_SANDBOXING = YES;
				GCC_C_LANGUAGE_STANDARD = gnu17;
				GCC_NO_COMMON_BLOCKS = YES;
				GCC_WARN_64_TO_32_BIT_CONVERSION = YES;
				GCC_WARN_ABOUT_RETURN_TYPE = YES_ERROR;
				GCC_WARN_UNDECLARED_SELECTOR = YES;
				GCC_WARN_UNINITIALIZED_AUTOS = YES_AGGRESSIVE;
				GCC_WARN_UNUSED_FUNCTION = YES;
				GCC_WARN_UNUSED_VARIABLE = YES;
				IPHONEOS_DEPLOYMENT_TARGET = 17.4;
				LOCALIZATION_PREFERS_STRING_CATALOGS = YES;
				MTL_ENABLE_DEBUG_INFO = NO;
				MTL_FAST_MATH = YES;
				SDKROOT = iphoneos;
				SWIFT_COMPILATION_MODE = wholemodule;
				VALIDATE_PRODUCT = YES;
			};
			name = Release;
		};
		854863112C0FA15A009CFC0A /* Debug */ = {
			isa = XCBuildConfiguration;
			buildSettings = {
				ASSETCATALOG_COMPILER_APPICON_NAME = AppIcon;
				ASSETCATALOG_COMPILER_GLOBAL_ACCENT_COLOR_NAME = AccentColor;
				CODE_SIGN_STYLE = Automatic;
				CURRENT_PROJECT_VERSION = 1;
				DEVELOPMENT_ASSET_PATHS = "\"Movies/Preview Content\"";
				DEVELOPMENT_TEAM = 9S26B8AV5C;
				ENABLE_PREVIEWS = YES;
				GENERATE_INFOPLIST_FILE = YES;
				INFOPLIST_FILE = Movies/Info.plist;
				INFOPLIST_KEY_UIApplicationSceneManifest_Generation = YES;
				INFOPLIST_KEY_UIApplicationSupportsIndirectInputEvents = YES;
				INFOPLIST_KEY_UILaunchScreen_Generation = YES;
				INFOPLIST_KEY_UILaunchStoryboardName = "Launch Screen.storyboard";
				INFOPLIST_KEY_UISupportedInterfaceOrientations = UIInterfaceOrientationPortrait;
				INFOPLIST_KEY_UISupportedInterfaceOrientations_iPad = "UIInterfaceOrientationLandscapeLeft UIInterfaceOrientationLandscapeRight UIInterfaceOrientationPortrait UIInterfaceOrientationPortraitUpsideDown";
				LD_RUNPATH_SEARCH_PATHS = (
					"$(inherited)",
					"@executable_path/Frameworks",
				);
				MARKETING_VERSION = 1.0;
				PRODUCT_BUNDLE_IDENTIFIER = com.yvelazeMagariKompania.ge.Movies;
				PRODUCT_NAME = "$(TARGET_NAME)";
				SWIFT_EMIT_LOC_STRINGS = YES;
				SWIFT_VERSION = 5.0;
				TARGETED_DEVICE_FAMILY = "1,2";
			};
			name = Debug;
		};
		854863122C0FA15A009CFC0A /* Release */ = {
			isa = XCBuildConfiguration;
			buildSettings = {
				ASSETCATALOG_COMPILER_APPICON_NAME = AppIcon;
				ASSETCATALOG_COMPILER_GLOBAL_ACCENT_COLOR_NAME = AccentColor;
				CODE_SIGN_STYLE = Automatic;
				CURRENT_PROJECT_VERSION = 1;
				DEVELOPMENT_ASSET_PATHS = "\"Movies/Preview Content\"";
				DEVELOPMENT_TEAM = 9S26B8AV5C;
				ENABLE_PREVIEWS = YES;
				GENERATE_INFOPLIST_FILE = YES;
				INFOPLIST_FILE = Movies/Info.plist;
				INFOPLIST_KEY_UIApplicationSceneManifest_Generation = YES;
				INFOPLIST_KEY_UIApplicationSupportsIndirectInputEvents = YES;
				INFOPLIST_KEY_UILaunchScreen_Generation = YES;
				INFOPLIST_KEY_UILaunchStoryboardName = "Launch Screen.storyboard";
				INFOPLIST_KEY_UISupportedInterfaceOrientations = UIInterfaceOrientationPortrait;
				INFOPLIST_KEY_UISupportedInterfaceOrientations_iPad = "UIInterfaceOrientationLandscapeLeft UIInterfaceOrientationLandscapeRight UIInterfaceOrientationPortrait UIInterfaceOrientationPortraitUpsideDown";
				LD_RUNPATH_SEARCH_PATHS = (
					"$(inherited)",
					"@executable_path/Frameworks",
				);
				MARKETING_VERSION = 1.0;
				PRODUCT_BUNDLE_IDENTIFIER = com.yvelazeMagariKompania.ge.Movies;
				PRODUCT_NAME = "$(TARGET_NAME)";
				SWIFT_EMIT_LOC_STRINGS = YES;
				SWIFT_VERSION = 5.0;
				TARGETED_DEVICE_FAMILY = "1,2";
			};
			name = Release;
		};
/* End XCBuildConfiguration section */

/* Begin XCConfigurationList section */
		854862FD2C0FA158009CFC0A /* Build configuration list for PBXProject "Movies" */ = {
			isa = XCConfigurationList;
			buildConfigurations = (
				8548630E2C0FA15A009CFC0A /* Debug */,
				8548630F2C0FA15A009CFC0A /* Release */,
			);
			defaultConfigurationIsVisible = 0;
			defaultConfigurationName = Release;
		};
		854863102C0FA15A009CFC0A /* Build configuration list for PBXNativeTarget "Movies" */ = {
			isa = XCConfigurationList;
			buildConfigurations = (
				854863112C0FA15A009CFC0A /* Debug */,
				854863122C0FA15A009CFC0A /* Release */,
			);
			defaultConfigurationIsVisible = 0;
			defaultConfigurationName = Release;
		};
/* End XCConfigurationList section */

/* Begin XCRemoteSwiftPackageReference section */
		854863222C0FA528009CFC0A /* XCRemoteSwiftPackageReference "SimpleNetworking" */ = {
			isa = XCRemoteSwiftPackageReference;
			repositoryURL = "https://github.com/GujMeister/SimpleNetworking";
			requirement = {
				branch = main;
				kind = branch;
			};
		};
/* End XCRemoteSwiftPackageReference section */

/* Begin XCSwiftPackageProductDependency section */
		854863232C0FA528009CFC0A /* SimpleNetworking */ = {
			isa = XCSwiftPackageProductDependency;
			package = 854863222C0FA528009CFC0A /* XCRemoteSwiftPackageReference "SimpleNetworking" */;
			productName = SimpleNetworking;
		};
/* End XCSwiftPackageProductDependency section */
	};
	rootObject = 854862FA2C0FA158009CFC0A /* Project object */;
}
